
Microsoft Visual Studio Solution File, Format Version 12.00
# Visual Studio Version 16
VisualStudioVersion = 16.0.31515.178
MinimumVisualStudioVersion = 10.0.40219.1
Project("{FAE04EC0-301F-11D3-BF4B-00C04F79EFBC}") = "WinFormsAddPassPDF", "WinFormsAddPassPDF\WinFormsAddPassPDF.csproj", "{91304EDB-B463-487D-BA6D-EAF52B67DDD3}"
EndProject
Project("{FAE04EC0-301F-11D3-BF4B-00C04F79EFBC}") = "WebAppiGeneratePdf", "WebAppiGeneratePdf\WebAppiGeneratePdf.csproj", "{3C3120A9-D3B1-4783-9E9A-13C102163465}"
EndProject
Project("{FAE04EC0-301F-11D3-BF4B-00C04F79EFBC}") = "ClassLibraryGeneratePDF", "ClassLibraryGeneratePDF\ClassLibraryGeneratePDF.csproj", "{3DF52712-1FD4-4B2E-9258-06FF70069F44}"
EndProject
Global
	GlobalSection(SolutionConfigurationPlatforms) = preSolution
		Debug|Any CPU = Debug|Any CPU
		Release|Any CPU = Release|Any CPU
	EndGlobalSection
	GlobalSection(ProjectConfigurationPlatforms) = postSolution
		{91304EDB-B463-487D-BA6D-EAF52B67DDD3}.Debug|Any CPU.ActiveCfg = Debug|Any CPU
		{91304EDB-B463-487D-BA6D-EAF52B67DDD3}.Debug|Any CPU.Build.0 = Debug|Any CPU
		{91304EDB-B463-487D-BA6D-EAF52B67DDD3}.Release|Any CPU.ActiveCfg = Release|Any CPU
		{91304EDB-B463-487D-BA6D-EAF52B67DDD3}.Release|Any CPU.Build.0 = Release|Any CPU
		{3C3120A9-D3B1-4783-9E9A-13C102163465}.Debug|Any CPU.ActiveCfg = Debug|Any CPU
		{3C3120A9-D3B1-4783-9E9A-13C102163465}.Debug|Any CPU.Build.0 = Debug|Any CPU
		{3C3120A9-D3B1-4783-9E9A-13C102163465}.Release|Any CPU.ActiveCfg = Release|Any CPU
		{3C3120A9-D3B1-4783-9E9A-13C102163465}.Release|Any CPU.Build.0 = Release|Any CPU
		{3DF52712-1FD4-4B2E-9258-06FF70069F44}.Debug|Any CPU.ActiveCfg = Debug|Any CPU
		{3DF52712-1FD4-4B2E-9258-06FF70069F44}.Debug|Any CPU.Build.0 = Debug|Any CPU
		{3DF52712-1FD4-4B2E-9258-06FF70069F44}.Release|Any CPU.ActiveCfg = Release|Any CPU
		{3DF52712-1FD4-4B2E-9258-06FF70069F44}.Release|Any CPU.Build.0 = Release|Any CPU
	EndGlobalSection
	GlobalSection(SolutionProperties) = preSolution
		HideSolutionNode = FALSE
	EndGlobalSection
	GlobalSection(ExtensibilityGlobals) = postSolution
		SolutionGuid = {84EF09F5-4496-4BEF-912E-1967202FAD2A}
	EndGlobalSection
EndGlobal
